// !$*UTF8*$!
{
	archiveVersion = 1;
	classes = {
	};
	objectVersion = 48;
	objects = {

/* Begin PBXBuildFile section */
		101631CF1F0B421300B998AC /* AppDelegate.swift in Sources */ = {isa = PBXBuildFile; fileRef = 101631CE1F0B421300B998AC /* AppDelegate.swift */; };
		101631D11F0B421300B998AC /* ViewController.swift in Sources */ = {isa = PBXBuildFile; fileRef = 101631D01F0B421300B998AC /* ViewController.swift */; };
		101631D41F0B421300B998AC /* Main.storyboard in Resources */ = {isa = PBXBuildFile; fileRef = 101631D21F0B421300B998AC /* Main.storyboard */; };
		101631D61F0B421300B998AC /* Assets.xcassets in Resources */ = {isa = PBXBuildFile; fileRef = 101631D51F0B421300B998AC /* Assets.xcassets */; };
		101631D91F0B421300B998AC /* LaunchScreen.storyboard in Resources */ = {isa = PBXBuildFile; fileRef = 101631D71F0B421300B998AC /* LaunchScreen.storyboard */; };
		101631E11F0B43EB00B998AC /* art.scnassets in Resources */ = {isa = PBXBuildFile; fileRef = 101631E01F0B42AF00B998AC /* art.scnassets */; };
		10FCAB851FB922020042A926 /* ViewController+ARViewDelegate.swift in Sources */ = {isa = PBXBuildFile; fileRef = 10FCAB841FB922020042A926 /* ViewController+ARViewDelegate.swift */; };
/* End PBXBuildFile section */

/* Begin PBXFileReference section */
		101631CB1F0B421300B998AC /* ArkitPlaneDetect&PlaceObject.app */ = {isa = PBXFileReference; explicitFileType = wrapper.application; includeInIndex = 0; path = "ArkitPlaneDetect&PlaceObject.app"; sourceTree = BUILT_PRODUCTS_DIR; };
		101631CE1F0B421300B998AC /* AppDelegate.swift */ = {isa = PBXFileReference; lastKnownFileType = sourcecode.swift; path = AppDelegate.swift; sourceTree = "<group>"; };
		101631D01F0B421300B998AC /* ViewController.swift */ = {isa = PBXFileReference; lastKnownFileType = sourcecode.swift; path = ViewController.swift; sourceTree = "<group>"; };
		101631D31F0B421300B998AC /* Base */ = {isa = PBXFileReference; lastKnownFileType = file.storyboard; name = Base; path = Base.lproj/Main.storyboard; sourceTree = "<group>"; };
		101631D51F0B421300B998AC /* Assets.xcassets */ = {isa = PBXFileReference; lastKnownFileType = folder.assetcatalog; path = Assets.xcassets; sourceTree = "<group>"; };
		101631D81F0B421300B998AC /* Base */ = {isa = PBXFileReference; lastKnownFileType = file.storyboard; name = Base; path = Base.lproj/LaunchScreen.storyboard; sourceTree = "<group>"; };
		101631DA1F0B421300B998AC /* Info.plist */ = {isa = PBXFileReference; lastKnownFileType = text.plist.xml; path = Info.plist; sourceTree = "<group>"; };
		101631E01F0B42AF00B998AC /* art.scnassets */ = {isa = PBXFileReference; lastKnownFileType = wrapper.scnassets; path = art.scnassets; sourceTree = "<group>"; };
		10FCAB841FB922020042A926 /* ViewController+ARViewDelegate.swift */ = {isa = PBXFileReference; lastKnownFileType = sourcecode.swift; path = "ViewController+ARViewDelegate.swift"; sourceTree = "<group>"; };
/* End PBXFileReference section */

/* Begin PBXFrameworksBuildPhase section */
		101631C81F0B421300B998AC /* Frameworks */ = {
			isa = PBXFrameworksBuildPhase;
			buildActionMask = 2147483647;
			files = (
			);
			runOnlyForDeploymentPostprocessing = 0;
		};
/* End PBXFrameworksBuildPhase section */

/* Begin PBXGroup section */
		101631C21F0B421300B998AC = {
			isa = PBXGroup;
			children = (
				101631CD1F0B421300B998AC /* ArkitPlaneDetect&PlaceObject */,
				101631CC1F0B421300B998AC /* Products */,
			);
			sourceTree = "<group>";
		};
		101631CC1F0B421300B998AC /* Products */ = {
			isa = PBXGroup;
			children = (
				101631CB1F0B421300B998AC /* ArkitPlaneDetect&PlaceObject.app */,
			);
			name = Products;
			sourceTree = "<group>";
		};
		101631CD1F0B421300B998AC /* ArkitPlaneDetect&PlaceObject */ = {
			isa = PBXGroup;
			children = (
				101631CE1F0B421300B998AC /* AppDelegate.swift */,
				101631D01F0B421300B998AC /* ViewController.swift */,
				10FCAB841FB922020042A926 /* ViewController+ARViewDelegate.swift */,
				101631D21F0B421300B998AC /* Main.storyboard */,
				101631E01F0B42AF00B998AC /* art.scnassets */,
				101631D51F0B421300B998AC /* Assets.xcassets */,
				101631D71F0B421300B998AC /* LaunchScreen.storyboard */,
				101631DA1F0B421300B998AC /* Info.plist */,
			);
			path = "ArkitPlaneDetect&PlaceObject";
			sourceTree = "<group>";
		};
/* End PBXGroup section */

/* Begin PBXNativeTarget section */
		101631CA1F0B421300B998AC /* ArkitPlaneDetect&PlaceObject */ = {
			isa = PBXNativeTarget;
			buildConfigurationList = 101631DD1F0B421300B998AC /* Build configuration list for PBXNativeTarget "ArkitPlaneDetect&PlaceObject" */;
			buildPhases = (
				101631C71F0B421300B998AC /* Sources */,
				101631C81F0B421300B998AC /* Frameworks */,
				101631C91F0B421300B998AC /* Resources */,
			);
			buildRules = (
			);
			dependencies = (
			);
			name = "ArkitPlaneDetect&PlaceObject";
			productName = "ArkitPlaneDetect&PlaceObject";
			productReference = 101631CB1F0B421300B998AC /* ArkitPlaneDetect&PlaceObject.app */;
			productType = "com.apple.product-type.application";
		};
/* End PBXNativeTarget section */

/* Begin PBXProject section */
		101631C31F0B421300B998AC /* Project object */ = {
			isa = PBXProject;
			attributes = {
				LastSwiftUpdateCheck = 0900;
				LastUpgradeCheck = 0900;
				ORGANIZATIONNAME = Sris;
				TargetAttributes = {
					101631CA1F0B421300B998AC = {
						CreatedOnToolsVersion = 9.0;
						ProvisioningStyle = Manual;
					};
				};
			};
			buildConfigurationList = 101631C61F0B421300B998AC /* Build configuration list for PBXProject "ArkitPlaneDetect&PlaceObject" */;
			compatibilityVersion = "Xcode 8.0";
			developmentRegion = en;
			hasScannedForEncodings = 0;
			knownRegions = (
				en,
				Base,
			);
			mainGroup = 101631C21F0B421300B998AC;
			productRefGroup = 101631CC1F0B421300B998AC /* Products */;
			projectDirPath = "";
			projectRoot = "";
			targets = (
				101631CA1F0B421300B998AC /* ArkitPlaneDetect&PlaceObject */,
			);
		};
/* End PBXProject section */

/* Begin PBXResourcesBuildPhase section */
		101631C91F0B421300B998AC /* Resources */ = {
			isa = PBXResourcesBuildPhase;
			buildActionMask = 2147483647;
			files = (
				101631D91F0B421300B998AC /* LaunchScreen.storyboard in Resources */,
				101631E11F0B43EB00B998AC /* art.scnassets in Resources */,
				101631D61F0B421300B998AC /* Assets.xcassets in Resources */,
				101631D41F0B421300B998AC /* Main.storyboard in Resources */,
			);
			runOnlyForDeploymentPostprocessing = 0;
		};
/* End PBXResourcesBuildPhase section */

/* Begin PBXSourcesBuildPhase section */
		101631C71F0B421300B998AC /* Sources */ = {
			isa = PBXSourcesBuildPhase;
			buildActionMask = 2147483647;
			files = (
				10FCAB851FB922020042A926 /* ViewController+ARViewDelegate.swift in Sources */,
				101631D11F0B421300B998AC /* ViewController.swift in Sources */,
				101631CF1F0B421300B998AC /* AppDelegate.swift in Sources */,
			);
			runOnlyForDeploymentPostprocessing = 0;
		};
/* End PBXSourcesBuildPhase section */

/* Begin PBXVariantGroup section */
		101631D21F0B421300B998AC /* Main.storyboard */ = {
			isa = PBXVariantGroup;
			children = (
				101631D31F0B421300B998AC /* Base */,
			);
			name = Main.storyboard;
			sourceTree = "<group>";
		};
		101631D71F0B421300B998AC /* LaunchScreen.storyboard */ = {
			isa = PBXVariantGroup;
			children = (
				101631D81F0B421300B998AC /* Base */,
			);
			name = LaunchScreen.storyboard;
			sourceTree = "<group>";
		};
/* End PBXVariantGroup section */

/* Begin XCBuildConfiguration section */
		101631DB1F0B421300B998AC /* Debug */ = {
			isa = XCBuildConfiguration;
			buildSettings = {
				ALWAYS_SEARCH_USER_PATHS = NO;
				CLANG_ANALYZER_NONNULL = YES;
				CLANG_ANALYZER_NUMBER_OBJECT_CONVERSION = YES_AGGRESSIVE;
				CLANG_CXX_LANGUAGE_STANDARD = "gnu++14";
				CLANG_CXX_LIBRARY = "libc++";
				CLANG_ENABLE_MODULES = YES;
				CLANG_ENABLE_OBJC_ARC = YES;
				CLANG_WARN_BLOCK_CAPTURE_AUTORELEASING = YES;
				CLANG_WARN_BOOL_CONVERSION = YES;
				CLANG_WARN_COMMA = YES;
				CLANG_WARN_CONSTANT_CONVERSION = YES;
				CLANG_WARN_DIRECT_OBJC_ISA_USAGE = YES_ERROR;
				CLANG_WARN_DOCUMENTATION_COMMENTS = YES;
				CLANG_WARN_EMPTY_BODY = YES;
				CLANG_WARN_ENUM_CONVERSION = YES;
				CLANG_WARN_INFINITE_RECURSION = YES;
				CLANG_WARN_INT_CONVERSION = YES;
				CLANG_WARN_OBJC_ROOT_CLASS = YES_ERROR;
				CLANG_WARN_RANGE_LOOP_ANALYSIS = YES;
				CLANG_WARN_STRICT_PROTOTYPES = YES;
				CLANG_WARN_SUSPICIOUS_MOVE = YES;
				CLANG_WARN_UNGUARDED_AVAILABILITY = YES_AGGRESSIVE;
				CLANG_WARN_UNREACHABLE_CODE = YES;
				CLANG_WARN__DUPLICATE_METHOD_MATCH = YES;
				CODE_SIGN_IDENTITY = "iPhone Developer";
				COPY_PHASE_STRIP = NO;
				DEBUG_INFORMATION_FORMAT = dwarf;
				ENABLE_STRICT_OBJC_MSGSEND = YES;
				ENABLE_TESTABILITY = YES;
				GCC_C_LANGUAGE_STANDARD = gnu11;
				GCC_DYNAMIC_NO_PIC = NO;
				GCC_NO_COMMON_BLOCKS = YES;
				GCC_OPTIMIZATION_LEVEL = 0;
				GCC_PREPROCESSOR_DEFINITIONS = (
					"DEBUG=1",
					"$(inherited)",
				);
				GCC_WARN_64_TO_32_BIT_CONVERSION = YES;
				GCC_WARN_ABOUT_RETURN_TYPE = YES_ERROR;
				GCC_WARN_UNDECLARED_SELECTOR = YES;
				GCC_WARN_UNINITIALIZED_AUTOS = YES_AGGRESSIVE;
				GCC_WARN_UNUSED_FUNCTION = YES;
				GCC_WARN_UNUSED_VARIABLE = YES;
				IPHONEOS_DEPLOYMENT_TARGET = 11.0;
				MTL_ENABLE_DEBUG_INFO = YES;
				ONLY_ACTIVE_ARCH = YES;
				SDKROOT = iphoneos;
				SWIFT_ACTIVE_COMPILATION_CONDITIONS = DEBUG;
				SWIFT_OPTIMIZATION_LEVEL = "-Onone";
			};
			name = Debug;
		};
		101631DC1F0B421300B998AC /* Release */ = {
			isa = XCBuildConfiguration;
			buildSettings = {
				ALWAYS_SEARCH_USER_PATHS = NO;
				CLANG_ANALYZER_NONNULL = YES;
				CLANG_ANALYZER_NUMBER_OBJECT_CONVERSION = YES_AGGRESSIVE;
				CLANG_CXX_LANGUAGE_STANDARD = "gnu++14";
				CLANG_CXX_LIBRARY = "libc++";
				CLANG_ENABLE_MODULES = YES;
				CLANG_ENABLE_OBJC_ARC = YES;
				CLANG_WARN_BLOCK_CAPTURE_AUTORELEASING = YES;
				CLANG_WARN_BOOL_CONVERSION = YES;
				CLANG_WARN_COMMA = YES;
				CLANG_WARN_CONSTANT_CONVERSION = YES;
				CLANG_WARN_DIRECT_OBJC_ISA_USAGE = YES_ERROR;
				CLANG_WARN_DOCUMENTATION_COMMENTS = YES;
				CLANG_WARN_EMPTY_BODY = YES;
				CLANG_WARN_ENUM_CONVERSION = YES;
				CLANG_WARN_INFINITE_RECURSION = YES;
				CLANG_WARN_INT_CONVERSION = YES;
				CLANG_WARN_OBJC_ROOT_CLASS = YES_ERROR;
				CLANG_WARN_RANGE_LOOP_ANALYSIS = YES;
				CLANG_WARN_STRICT_PROTOTYPES = YES;
				CLANG_WARN_SUSPICIOUS_MOVE = YES;
				CLANG_WARN_UNGUARDED_AVAILABILITY = YES_AGGRESSIVE;
				CLANG_WARN_UNREACHABLE_CODE = YES;
				CLANG_WARN__DUPLICATE_METHOD_MATCH = YES;
				CODE_SIGN_IDENTITY = "iPhone Developer";
				COPY_PHASE_STRIP = NO;
				DEBUG_INFORMATION_FORMAT = "dwarf-with-dsym";
				ENABLE_NS_ASSERTIONS = NO;
				ENABLE_STRICT_OBJC_MSGSEND = YES;
				GCC_C_LANGUAGE_STANDARD = gnu11;
				GCC_NO_COMMON_BLOCKS = YES;
				GCC_WARN_64_TO_32_BIT_CONVERSION = YES;
				GCC_WARN_ABOUT_RETURN_TYPE = YES_ERROR;
				GCC_WARN_UNDECLARED_SELECTOR = YES;
				GCC_WARN_UNINITIALIZED_AUTOS = YES_AGGRESSIVE;
				GCC_WARN_UNUSED_FUNCTION = YES;
				GCC_WARN_UNUSED_VARIABLE = YES;
				IPHONEOS_DEPLOYMENT_TARGET = 11.0;
				MTL_ENABLE_DEBUG_INFO = NO;
				SDKROOT = iphoneos;
				SWIFT_OPTIMIZATION_LEVEL = "-Owholemodule";
				VALIDATE_PRODUCT = YES;
			};
			name = Release;
		};
		101631DE1F0B421300B998AC /* Debug */ = {
			isa = XCBuildConfiguration;
			buildSettings = {
				ASSETCATALOG_COMPILER_APPICON_NAME = AppIcon;
				"CODE_SIGN_IDENTITY[sdk=iphoneos*]" = "iPhone Developer";
				CODE_SIGN_STYLE = Manual;
				DEVELOPMENT_TEAM = "";
				INFOPLIST_FILE = "ArkitPlaneDetect&PlaceObject/Info.plist";
				LD_RUNPATH_SEARCH_PATHS = "$(inherited) @executable_path/Frameworks";
				PRODUCT_BUNDLE_IDENTIFIER = "com.Sris.ArkitPlaneDetect-PlaceObject";
				PRODUCT_NAME = "$(TARGET_NAME)";
				PROVISIONING_PROFILE_SPECIFIER = "";
				SWIFT_VERSION = 4.0;
				TARGETED_DEVICE_FAMILY = "1,2";
			};
			name = Debug;
		};
		101631DF1F0B421300B998AC /* Release */ = {
			isa = XCBuildConfiguration;
			buildSettings = {
				ASSETCATALOG_COMPILER_APPICON_NAME = AppIcon;
				"CODE_SIGN_IDENTITY[sdk=iphoneos*]" = "iPhone Developer";
				CODE_SIGN_STYLE = Manual;
				DEVELOPMENT_TEAM = "";
				INFOPLIST_FILE = "ArkitPlaneDetect&PlaceObject/Info.plist";
				LD_RUNPATH_SEARCH_PATHS = "$(inherited) @executable_path/Frameworks";
				PRODUCT_BUNDLE_IDENTIFIER = "com.Sris.ArkitPlaneDetect-PlaceObject";
				PRODUCT_NAME = "$(TARGET_NAME)";
				PROVISIONING_PROFILE_SPECIFIER = "";
				SWIFT_VERSION = 4.0;
				TARGETED_DEVICE_FAMILY = "1,2";
			};
			name = Release;
		};
/* End XCBuildConfiguration section */

/* Begin XCConfigurationList section */
		101631C61F0B421300B998AC /* Build configuration list for PBXProject "ArkitPlaneDetect&PlaceObject" */ = {
			isa = XCConfigurationList;
			buildConfigurations = (
				101631DB1F0B421300B998AC /* Debug */,
				101631DC1F0B421300B998AC /* Release */,
			);
			defaultConfigurationIsVisible = 0;
			defaultConfigurationName = Release;
		};
		101631DD1F0B421300B998AC /* Build configuration list for PBXNativeTarget "ArkitPlaneDetect&PlaceObject" */ = {
			isa = XCConfigurationList;
			buildConfigurations = (
				101631DE1F0B421300B998AC /* Debug */,
				101631DF1F0B421300B998AC /* Release */,
			);
			defaultConfigurationIsVisible = 0;
			defaultConfigurationName = Release;
		};
/* End XCConfigurationList section */
	};
	rootObject = 101631C31F0B421300B998AC /* Project object */;
}
